
Microsoft Visual Studio Solution File, Format Version 12.00
# Visual Studio Version 16
VisualStudioVersion = 16.0.31624.102
MinimumVisualStudioVersion = 10.0.40219.1
Project("{FAE04EC0-301F-11D3-BF4B-00C04F79EFBC}") = "Lab3 Task8", "Lab3 Task8\Lab3 Task8.csproj", "{E2856303-747F-4D5D-B608-CF1558037C85}"
EndProject
Project("{FAE04EC0-301F-11D3-BF4B-00C04F79EFBC}") = "Lab3 Task8Tests", "Lab3 Task8Tests\Lab3 Task8Tests.csproj", "{1AAF25C9-6B5A-41C8-860D-C82D208F32A5}"
EndProject
Global
	GlobalSection(SolutionConfigurationPlatforms) = preSolution
		Debug|Any CPU = Debug|Any CPU
		Release|Any CPU = Release|Any CPU
	EndGlobalSection
	GlobalSection(ProjectConfigurationPlatforms) = postSolution
		{E2856303-747F-4D5D-B608-CF1558037C85}.Debug|Any CPU.ActiveCfg = Debug|Any CPU
		{E2856303-747F-4D5D-B608-CF1558037C85}.Debug|Any CPU.Build.0 = Debug|Any CPU
		{E2856303-747F-4D5D-B608-CF1558037C85}.Release|Any CPU.ActiveCfg = Release|Any CPU
		{E2856303-747F-4D5D-B608-CF1558037C85}.Release|Any CPU.Build.0 = Release|Any CPU
		{1AAF25C9-6B5A-41C8-860D-C82D208F32A5}.Debug|Any CPU.ActiveCfg = Debug|Any CPU
		{1AAF25C9-6B5A-41C8-860D-C82D208F32A5}.Debug|Any CPU.Build.0 = Debug|Any CPU
		{1AAF25C9-6B5A-41C8-860D-C82D208F32A5}.Release|Any CPU.ActiveCfg = Release|Any CPU
		{1AAF25C9-6B5A-41C8-860D-C82D208F32A5}.Release|Any CPU.Build.0 = Release|Any CPU
	EndGlobalSection
	GlobalSection(SolutionProperties) = preSolution
		HideSolutionNode = FALSE
	EndGlobalSection
	GlobalSection(ExtensibilityGlobals) = postSolution
		SolutionGuid = {0A39A369-16BD-4784-9DCC-5CBB8F1C09FF}
	EndGlobalSection
EndGlobal
